<?xml version="1.0" encoding="utf-8"?>
<Project ToolsVersion="4.0" xmlns="http://schemas.microsoft.com/developer/msbuild/2003">
  <ItemGroup>
    <Filter Include="Platform">
      <UniqueIdentifier>{2AC788B4-1694-E3BF-3FAD-D1672BD9184E}</UniqueIdentifier>
    </Filter>
    <Filter Include="Platform\Windows">
      <UniqueIdentifier>{64FBD71A-50F4-F66C-7926-DCF1657ED678}</UniqueIdentifier>
    </Filter>
    <Filter Include="Sapling">
      <UniqueIdentifier>{93734DE3-FF52-CC7E-086B-575574C932E0}</UniqueIdentifier>
    </Filter>
    <Filter Include="Sapling\Events">
      <UniqueIdentifier>{17FC9092-03CA-8498-EC5D-F5BED8CA60FD}</UniqueIdentifier>
    </Filter>
  </ItemGroup>
  <ItemGroup>
    <ClInclude Include="src\Platform\Windows\WindowsWindow.h">
      <Filter>Platform\Windows</Filter>
    </ClInclude>
    <ClInclude Include="src\Sapling.h" />
    <ClInclude Include="src\Sapling\Core\Application.h">
      <Filter>Sapling</Filter>
    </ClInclude>
    <ClInclude Include="src\Sapling\Core\Base.h">
      <Filter>Sapling</Filter>
    </ClInclude>
    <ClInclude Include="src\Sapling\Core\EntryPoint.h">
      <Filter>Sapling</Filter>
    </ClInclude>
    <ClInclude Include="src\Sapling\Events\ApplicationEvent.h">
      <Filter>Sapling\Events</Filter>
    </ClInclude>
    <ClInclude Include="src\Sapling\Events\Event.h">
      <Filter>Sapling\Events</Filter>
    </ClInclude>
    <ClInclude Include="src\Sapling\Events\KeyboardEvent.h">
      <Filter>Sapling\Events</Filter>
    </ClInclude>
    <ClInclude Include="src\Sapling\Events\MouseEvent.h">
      <Filter>Sapling\Events</Filter>
    </ClInclude>
    <ClInclude Include="src\Sapling\Core\Window.h">
      <Filter>Sapling</Filter>
    </ClInclude>
    <ClInclude Include="src\sappch.h" />
  </ItemGroup>
  <ItemGroup>
    <ClCompile Include="src\Platform\Windows\WindowsWindow.cpp">
      <Filter>Platform\Windows</Filter>
    </ClCompile>
    <ClCompile Include="src\Sapling\Core\Application.cpp">
      <Filter>Sapling</Filter>
    </ClCompile>
    <ClCompile Include="src\sappch.cpp" />
  </ItemGroup>
</Project>