<?xml version="1.0" encoding="utf-8"?>
<Project ToolsVersion="4.0" xmlns="http://schemas.microsoft.com/developer/msbuild/2003">
  <ItemGroup>
    <Filter Include="Sapling">
      <UniqueIdentifier>{93734DE3-FF52-CC7E-086B-575574C932E0}</UniqueIdentifier>
    </Filter>
    <Filter Include="Sapling\Events">
      <UniqueIdentifier>{17FC9092-03CA-8498-EC5D-F5BED8CA60FD}</UniqueIdentifier>
    </Filter>
  </ItemGroup>
  <ItemGroup>
    <ClInclude Include="src\Sapling.h" />
    <ClInclude Include="src\Sapling\Application.h">
      <Filter>Sapling</Filter>
    </ClInclude>
    <ClInclude Include="src\Sapling\Core.h">
      <Filter>Sapling</Filter>
    </ClInclude>
    <ClInclude Include="src\Sapling\EntryPoint.h">
      <Filter>Sapling</Filter>
    </ClInclude>
    <ClInclude Include="src\Sapling\Events\ApplicationEvent.h">
      <Filter>Sapling\Events</Filter>
    </ClInclude>
    <ClInclude Include="src\Sapling\Events\Event.h">
      <Filter>Sapling\Events</Filter>
    </ClInclude>
    <ClInclude Include="src\Sapling\Events\KeyEvent.h">
      <Filter>Sapling\Events</Filter>
    </ClInclude>
    <ClInclude Include="src\Sapling\Events\MouseEvents.h">
      <Filter>Sapling\Events</Filter>
    </ClInclude>
    <ClInclude Include="src\sappch.h" />
  </ItemGroup>
  <ItemGroup>
    <ClCompile Include="src\Sapling\Application.cpp">
      <Filter>Sapling</Filter>
    </ClCompile>
    <ClCompile Include="src\sappch.cpp" />
  </ItemGroup>
</Project>